github.com/davecgh/go-spew v1.1.1 h1:vj9j/u1bqnvCEfJOwUhtlOARqs3+rkHYY13jYWTU97c=
github.com/philips-software/go-hsdp-api v0.83.1 h1:1/B9xMRzI7IBoDMXADuvEmtiIEIDFDiX7nUsFZPeFRE=
github.com/philips-software/go-hsdp-api v0.83.1/go.mod h1:V6kE5P+8tOG7+hSQuP3a0fjdtcaLpyCo78rV2VHEYyY=
github.com/pmezard/go-difflib v1.0.0 h1:4DBwDE0NGyQoBHbLQYPwSUPoCMWR5BEzIk/f1lZbAQM=
github.com/stretchr/testify v1.8.4 h1:CcVxjf3Q8PM0mHUKJCdn+eZZtm5yQwehR5yeSVQQcUk=
gopkg.in/yaml.v3 v3.0.1 h1:fxVm/GzAzEWqLHuvctI91KS9hhNmmWOoWu0XTYJS7CA=
